// !$*UTF8*$!
{
	archiveVersion = 1;
	classes = {
	};
	objectVersion = 46;
	objects = {

/* Begin PBXBuildFile section */
		499C9C551DFFC9DB000BEBD0 /* FeedViewController.m in Sources */ = {isa = PBXBuildFile; fileRef = 499C9C531DFFC9DB000BEBD0 /* FeedViewController.m */; };
		499C9C561DFFC9DB000BEBD0 /* FeedViewController.xib in Resources */ = {isa = PBXBuildFile; fileRef = 499C9C541DFFC9DB000BEBD0 /* FeedViewController.xib */; };
		499C9C591DFFCA1D000BEBD0 /* FavouritesViewController.m in Sources */ = {isa = PBXBuildFile; fileRef = 499C9C581DFFCA1D000BEBD0 /* FavouritesViewController.m */; };
		499C9C5C1DFFCE66000BEBD0 /* ProfileViewController.m in Sources */ = {isa = PBXBuildFile; fileRef = 499C9C5B1DFFCE66000BEBD0 /* ProfileViewController.m */; };
		499C9C601DFFE8FE000BEBD0 /* cuteCatAnimated.gif in Resources */ = {isa = PBXBuildFile; fileRef = 499C9C5F1DFFE8FE000BEBD0 /* cuteCatAnimated.gif */; };
		499C9C631DFFF2C8000BEBD0 /* FeedTableViewController.m in Sources */ = {isa = PBXBuildFile; fileRef = 499C9C621DFFF2C8000BEBD0 /* FeedTableViewController.m */; };
		499C9C661DFFFCFA000BEBD0 /* PhotoViewController.m in Sources */ = {isa = PBXBuildFile; fileRef = 499C9C651DFFFCFA000BEBD0 /* PhotoViewController.m */; };
		49F422101DFF35F400932D7D /* main.m in Sources */ = {isa = PBXBuildFile; fileRef = 49F4220F1DFF35F400932D7D /* main.m */; };
		49F422131DFF35F400932D7D /* AppDelegate.m in Sources */ = {isa = PBXBuildFile; fileRef = 49F422121DFF35F400932D7D /* AppDelegate.m */; };
		49F422161DFF35F400932D7D /* ViewController.m in Sources */ = {isa = PBXBuildFile; fileRef = 49F422151DFF35F400932D7D /* ViewController.m */; };
		49F422191DFF35F400932D7D /* Main.storyboard in Resources */ = {isa = PBXBuildFile; fileRef = 49F422171DFF35F400932D7D /* Main.storyboard */; };
		49F4221C1DFF35F400932D7D /* AlphaTouch.xcdatamodeld in Sources */ = {isa = PBXBuildFile; fileRef = 49F4221A1DFF35F400932D7D /* AlphaTouch.xcdatamodeld */; };
		49F4221E1DFF35F400932D7D /* Assets.xcassets in Resources */ = {isa = PBXBuildFile; fileRef = 49F4221D1DFF35F400932D7D /* Assets.xcassets */; };
		49F422211DFF35F400932D7D /* LaunchScreen.storyboard in Resources */ = {isa = PBXBuildFile; fileRef = 49F4221F1DFF35F400932D7D /* LaunchScreen.storyboard */; };
		49F4222C1DFF35F400932D7D /* AlphaTouchTests.m in Sources */ = {isa = PBXBuildFile; fileRef = 49F4222B1DFF35F400932D7D /* AlphaTouchTests.m */; };
		49F422371DFF35F400932D7D /* AlphaTouchUITests.m in Sources */ = {isa = PBXBuildFile; fileRef = 49F422361DFF35F400932D7D /* AlphaTouchUITests.m */; };
		99C80663B423814CAE380C09 /* libPods-AlphaTouch.a in Frameworks */ = {isa = PBXBuildFile; fileRef = F5567C467B89F99FBCFB565D /* libPods-AlphaTouch.a */; };
/* End PBXBuildFile section */

/* Begin PBXContainerItemProxy section */
		49F422281DFF35F400932D7D /* PBXContainerItemProxy */ = {
			isa = PBXContainerItemProxy;
			containerPortal = 49F422031DFF35F400932D7D /* Project object */;
			proxyType = 1;
			remoteGlobalIDString = 49F4220A1DFF35F400932D7D;
			remoteInfo = AlphaTouch;
		};
		49F422331DFF35F400932D7D /* PBXContainerItemProxy */ = {
			isa = PBXContainerItemProxy;
			containerPortal = 49F422031DFF35F400932D7D /* Project object */;
			proxyType = 1;
			remoteGlobalIDString = 49F4220A1DFF35F400932D7D;
			remoteInfo = AlphaTouch;
		};
/* End PBXContainerItemProxy section */

/* Begin PBXFileReference section */
		499C9C521DFFC9DB000BEBD0 /* FeedViewController.h */ = {isa = PBXFileReference; fileEncoding = 4; lastKnownFileType = sourcecode.c.h; name = FeedViewController.h; path = ../FeedViewController.h; sourceTree = "<group>"; };
		499C9C531DFFC9DB000BEBD0 /* FeedViewController.m */ = {isa = PBXFileReference; fileEncoding = 4; lastKnownFileType = sourcecode.c.objc; name = FeedViewController.m; path = ../FeedViewController.m; sourceTree = "<group>"; };
		499C9C541DFFC9DB000BEBD0 /* FeedViewController.xib */ = {isa = PBXFileReference; fileEncoding = 4; lastKnownFileType = file.xib; name = FeedViewController.xib; path = ../FeedViewController.xib; sourceTree = "<group>"; };
		499C9C571DFFCA1D000BEBD0 /* FavouritesViewController.h */ = {isa = PBXFileReference; fileEncoding = 4; lastKnownFileType = sourcecode.c.h; path = FavouritesViewController.h; sourceTree = "<group>"; };
		499C9C581DFFCA1D000BEBD0 /* FavouritesViewController.m */ = {isa = PBXFileReference; fileEncoding = 4; lastKnownFileType = sourcecode.c.objc; path = FavouritesViewController.m; sourceTree = "<group>"; };
		499C9C5A1DFFCE66000BEBD0 /* ProfileViewController.h */ = {isa = PBXFileReference; fileEncoding = 4; lastKnownFileType = sourcecode.c.h; path = ProfileViewController.h; sourceTree = "<group>"; };
		499C9C5B1DFFCE66000BEBD0 /* ProfileViewController.m */ = {isa = PBXFileReference; fileEncoding = 4; lastKnownFileType = sourcecode.c.objc; path = ProfileViewController.m; sourceTree = "<group>"; };
		499C9C5F1DFFE8FE000BEBD0 /* cuteCatAnimated.gif */ = {isa = PBXFileReference; lastKnownFileType = image.gif; name = cuteCatAnimated.gif; path = ../../../Downloads/cuteCatAnimated.gif; sourceTree = "<group>"; };
		499C9C611DFFF2C8000BEBD0 /* FeedTableViewController.h */ = {isa = PBXFileReference; fileEncoding = 4; lastKnownFileType = sourcecode.c.h; path = FeedTableViewController.h; sourceTree = "<group>"; };
		499C9C621DFFF2C8000BEBD0 /* FeedTableViewController.m */ = {isa = PBXFileReference; fileEncoding = 4; lastKnownFileType = sourcecode.c.objc; path = FeedTableViewController.m; sourceTree = "<group>"; };
		499C9C641DFFFCFA000BEBD0 /* PhotoViewController.h */ = {isa = PBXFileReference; fileEncoding = 4; lastKnownFileType = sourcecode.c.h; path = PhotoViewController.h; sourceTree = "<group>"; };
		499C9C651DFFFCFA000BEBD0 /* PhotoViewController.m */ = {isa = PBXFileReference; fileEncoding = 4; lastKnownFileType = sourcecode.c.objc; path = PhotoViewController.m; sourceTree = "<group>"; };
		49F4220B1DFF35F400932D7D /* AlphaTouch.app */ = {isa = PBXFileReference; explicitFileType = wrapper.application; includeInIndex = 0; path = AlphaTouch.app; sourceTree = BUILT_PRODUCTS_DIR; };
		49F4220F1DFF35F400932D7D /* main.m */ = {isa = PBXFileReference; lastKnownFileType = sourcecode.c.objc; path = main.m; sourceTree = "<group>"; };
		49F422111DFF35F400932D7D /* AppDelegate.h */ = {isa = PBXFileReference; lastKnownFileType = sourcecode.c.h; path = AppDelegate.h; sourceTree = "<group>"; };
		49F422121DFF35F400932D7D /* AppDelegate.m */ = {isa = PBXFileReference; lastKnownFileType = sourcecode.c.objc; path = AppDelegate.m; sourceTree = "<group>"; };
		49F422141DFF35F400932D7D /* ViewController.h */ = {isa = PBXFileReference; lastKnownFileType = sourcecode.c.h; path = ViewController.h; sourceTree = "<group>"; };
		49F422151DFF35F400932D7D /* ViewController.m */ = {isa = PBXFileReference; lastKnownFileType = sourcecode.c.objc; path = ViewController.m; sourceTree = "<group>"; };
		49F422181DFF35F400932D7D /* Base */ = {isa = PBXFileReference; lastKnownFileType = file.storyboard; name = Base; path = Base.lproj/Main.storyboard; sourceTree = "<group>"; };
		49F4221B1DFF35F400932D7D /* AlphaTouch.xcdatamodel */ = {isa = PBXFileReference; lastKnownFileType = wrapper.xcdatamodel; path = AlphaTouch.xcdatamodel; sourceTree = "<group>"; };
		49F4221D1DFF35F400932D7D /* Assets.xcassets */ = {isa = PBXFileReference; lastKnownFileType = folder.assetcatalog; path = Assets.xcassets; sourceTree = "<group>"; };
		49F422201DFF35F400932D7D /* Base */ = {isa = PBXFileReference; lastKnownFileType = file.storyboard; name = Base; path = Base.lproj/LaunchScreen.storyboard; sourceTree = "<group>"; };
		49F422221DFF35F400932D7D /* Info.plist */ = {isa = PBXFileReference; lastKnownFileType = text.plist.xml; path = Info.plist; sourceTree = "<group>"; };
		49F422271DFF35F400932D7D /* AlphaTouchTests.xctest */ = {isa = PBXFileReference; explicitFileType = wrapper.cfbundle; includeInIndex = 0; path = AlphaTouchTests.xctest; sourceTree = BUILT_PRODUCTS_DIR; };
		49F4222B1DFF35F400932D7D /* AlphaTouchTests.m */ = {isa = PBXFileReference; lastKnownFileType = sourcecode.c.objc; path = AlphaTouchTests.m; sourceTree = "<group>"; };
		49F4222D1DFF35F400932D7D /* Info.plist */ = {isa = PBXFileReference; lastKnownFileType = text.plist.xml; path = Info.plist; sourceTree = "<group>"; };
		49F422321DFF35F400932D7D /* AlphaTouchUITests.xctest */ = {isa = PBXFileReference; explicitFileType = wrapper.cfbundle; includeInIndex = 0; path = AlphaTouchUITests.xctest; sourceTree = BUILT_PRODUCTS_DIR; };
		49F422361DFF35F400932D7D /* AlphaTouchUITests.m */ = {isa = PBXFileReference; lastKnownFileType = sourcecode.c.objc; path = AlphaTouchUITests.m; sourceTree = "<group>"; };
		49F422381DFF35F400932D7D /* Info.plist */ = {isa = PBXFileReference; lastKnownFileType = text.plist.xml; path = Info.plist; sourceTree = "<group>"; };
		7DD70DBB334D803F0157782B /* Pods-AlphaTouch.debug.xcconfig */ = {isa = PBXFileReference; includeInIndex = 1; lastKnownFileType = text.xcconfig; name = "Pods-AlphaTouch.debug.xcconfig"; path = "Pods/Target Support Files/Pods-AlphaTouch/Pods-AlphaTouch.debug.xcconfig"; sourceTree = "<group>"; };
		D1DACB8065AAB8B0284F38BE /* Pods-AlphaTouch.release.xcconfig */ = {isa = PBXFileReference; includeInIndex = 1; lastKnownFileType = text.xcconfig; name = "Pods-AlphaTouch.release.xcconfig"; path = "Pods/Target Support Files/Pods-AlphaTouch/Pods-AlphaTouch.release.xcconfig"; sourceTree = "<group>"; };
		F5567C467B89F99FBCFB565D /* libPods-AlphaTouch.a */ = {isa = PBXFileReference; explicitFileType = archive.ar; includeInIndex = 0; path = "libPods-AlphaTouch.a"; sourceTree = BUILT_PRODUCTS_DIR; };
/* End PBXFileReference section */

/* Begin PBXFrameworksBuildPhase section */
		49F422081DFF35F400932D7D /* Frameworks */ = {
			isa = PBXFrameworksBuildPhase;
			buildActionMask = 2147483647;
			files = (
				99C80663B423814CAE380C09 /* libPods-AlphaTouch.a in Frameworks */,
			);
			runOnlyForDeploymentPostprocessing = 0;
		};
		49F422241DFF35F400932D7D /* Frameworks */ = {
			isa = PBXFrameworksBuildPhase;
			buildActionMask = 2147483647;
			files = (
			);
			runOnlyForDeploymentPostprocessing = 0;
		};
		49F4222F1DFF35F400932D7D /* Frameworks */ = {
			isa = PBXFrameworksBuildPhase;
			buildActionMask = 2147483647;
			files = (
			);
			runOnlyForDeploymentPostprocessing = 0;
		};
/* End PBXFrameworksBuildPhase section */

/* Begin PBXGroup section */
		49F422021DFF35F400932D7D = {
			isa = PBXGroup;
			children = (
				49F4220D1DFF35F400932D7D /* AlphaTouch */,
				49F4222A1DFF35F400932D7D /* AlphaTouchTests */,
				49F422351DFF35F400932D7D /* AlphaTouchUITests */,
				49F4220C1DFF35F400932D7D /* Products */,
				9A91CFCB22C0CAFB47EDEDFD /* Pods */,
				CD7D91B08A0CA091ED3A9F66 /* Frameworks */,
			);
			sourceTree = "<group>";
		};
		49F4220C1DFF35F400932D7D /* Products */ = {
			isa = PBXGroup;
			children = (
				49F4220B1DFF35F400932D7D /* AlphaTouch.app */,
				49F422271DFF35F400932D7D /* AlphaTouchTests.xctest */,
				49F422321DFF35F400932D7D /* AlphaTouchUITests.xctest */,
			);
			name = Products;
			sourceTree = "<group>";
		};
		49F4220D1DFF35F400932D7D /* AlphaTouch */ = {
			isa = PBXGroup;
			children = (
				499C9C5F1DFFE8FE000BEBD0 /* cuteCatAnimated.gif */,
				499C9C571DFFCA1D000BEBD0 /* FavouritesViewController.h */,
				499C9C581DFFCA1D000BEBD0 /* FavouritesViewController.m */,
				499C9C641DFFFCFA000BEBD0 /* PhotoViewController.h */,
				499C9C651DFFFCFA000BEBD0 /* PhotoViewController.m */,
				499C9C521DFFC9DB000BEBD0 /* FeedViewController.h */,
				499C9C531DFFC9DB000BEBD0 /* FeedViewController.m */,
				499C9C611DFFF2C8000BEBD0 /* FeedTableViewController.h */,
				499C9C621DFFF2C8000BEBD0 /* FeedTableViewController.m */,
				499C9C5A1DFFCE66000BEBD0 /* ProfileViewController.h */,
				499C9C5B1DFFCE66000BEBD0 /* ProfileViewController.m */,
				499C9C541DFFC9DB000BEBD0 /* FeedViewController.xib */,
				49F422111DFF35F400932D7D /* AppDelegate.h */,
				49F422121DFF35F400932D7D /* AppDelegate.m */,
				49F422141DFF35F400932D7D /* ViewController.h */,
				49F422151DFF35F400932D7D /* ViewController.m */,
				49F422171DFF35F400932D7D /* Main.storyboard */,
				49F4221D1DFF35F400932D7D /* Assets.xcassets */,
				49F4221F1DFF35F400932D7D /* LaunchScreen.storyboard */,
				49F422221DFF35F400932D7D /* Info.plist */,
				49F4221A1DFF35F400932D7D /* AlphaTouch.xcdatamodeld */,
				49F4220E1DFF35F400932D7D /* Supporting Files */,
			);
			path = AlphaTouch;
			sourceTree = "<group>";
		};
		49F4220E1DFF35F400932D7D /* Supporting Files */ = {
			isa = PBXGroup;
			children = (
				49F4220F1DFF35F400932D7D /* main.m */,
			);
			name = "Supporting Files";
			sourceTree = "<group>";
		};
		49F4222A1DFF35F400932D7D /* AlphaTouchTests */ = {
			isa = PBXGroup;
			children = (
				49F4222B1DFF35F400932D7D /* AlphaTouchTests.m */,
				49F4222D1DFF35F400932D7D /* Info.plist */,
			);
			path = AlphaTouchTests;
			sourceTree = "<group>";
		};
		49F422351DFF35F400932D7D /* AlphaTouchUITests */ = {
			isa = PBXGroup;
			children = (
				49F422361DFF35F400932D7D /* AlphaTouchUITests.m */,
				49F422381DFF35F400932D7D /* Info.plist */,
			);
			path = AlphaTouchUITests;
			sourceTree = "<group>";
		};
		9A91CFCB22C0CAFB47EDEDFD /* Pods */ = {
			isa = PBXGroup;
			children = (
				7DD70DBB334D803F0157782B /* Pods-AlphaTouch.debug.xcconfig */,
				D1DACB8065AAB8B0284F38BE /* Pods-AlphaTouch.release.xcconfig */,
			);
			name = Pods;
			sourceTree = "<group>";
		};
		CD7D91B08A0CA091ED3A9F66 /* Frameworks */ = {
			isa = PBXGroup;
			children = (
				F5567C467B89F99FBCFB565D /* libPods-AlphaTouch.a */,
			);
			name = Frameworks;
			sourceTree = "<group>";
		};
/* End PBXGroup section */

/* Begin PBXNativeTarget section */
		49F4220A1DFF35F400932D7D /* AlphaTouch */ = {
			isa = PBXNativeTarget;
			buildConfigurationList = 49F4223B1DFF35F400932D7D /* Build configuration list for PBXNativeTarget "AlphaTouch" */;
			buildPhases = (
				7029DAFD5649F4A13DF038BA /* [CP] Check Pods Manifest.lock */,
				49F422071DFF35F400932D7D /* Sources */,
				49F422081DFF35F400932D7D /* Frameworks */,
				49F422091DFF35F400932D7D /* Resources */,
				77581FA4F45EBBB570952AF0 /* [CP] Embed Pods Frameworks */,
				7EE322F141B03DFA4E04B164 /* [CP] Copy Pods Resources */,
			);
			buildRules = (
			);
			dependencies = (
			);
			name = AlphaTouch;
			productName = AlphaTouch;
			productReference = 49F4220B1DFF35F400932D7D /* AlphaTouch.app */;
			productType = "com.apple.product-type.application";
		};
		49F422261DFF35F400932D7D /* AlphaTouchTests */ = {
			isa = PBXNativeTarget;
			buildConfigurationList = 49F4223E1DFF35F400932D7D /* Build configuration list for PBXNativeTarget "AlphaTouchTests" */;
			buildPhases = (
				49F422231DFF35F400932D7D /* Sources */,
				49F422241DFF35F400932D7D /* Frameworks */,
				49F422251DFF35F400932D7D /* Resources */,
			);
			buildRules = (
			);
			dependencies = (
				49F422291DFF35F400932D7D /* PBXTargetDependency */,
			);
			name = AlphaTouchTests;
			productName = AlphaTouchTests;
			productReference = 49F422271DFF35F400932D7D /* AlphaTouchTests.xctest */;
			productType = "com.apple.product-type.bundle.unit-test";
		};
		49F422311DFF35F400932D7D /* AlphaTouchUITests */ = {
			isa = PBXNativeTarget;
			buildConfigurationList = 49F422411DFF35F400932D7D /* Build configuration list for PBXNativeTarget "AlphaTouchUITests" */;
			buildPhases = (
				49F4222E1DFF35F400932D7D /* Sources */,
				49F4222F1DFF35F400932D7D /* Frameworks */,
				49F422301DFF35F400932D7D /* Resources */,
			);
			buildRules = (
			);
			dependencies = (
				49F422341DFF35F400932D7D /* PBXTargetDependency */,
			);
			name = AlphaTouchUITests;
			productName = AlphaTouchUITests;
			productReference = 49F422321DFF35F400932D7D /* AlphaTouchUITests.xctest */;
			productType = "com.apple.product-type.bundle.ui-testing";
		};
/* End PBXNativeTarget section */

/* Begin PBXProject section */
		49F422031DFF35F400932D7D /* Project object */ = {
			isa = PBXProject;
			attributes = {
				LastUpgradeCheck = 0810;
				ORGANIZATIONNAME = "andrew ananta";
				TargetAttributes = {
					49F4220A1DFF35F400932D7D = {
						CreatedOnToolsVersion = 8.1;
						ProvisioningStyle = Automatic;
					};
					49F422261DFF35F400932D7D = {
						CreatedOnToolsVersion = 8.1;
						ProvisioningStyle = Automatic;
						TestTargetID = 49F4220A1DFF35F400932D7D;
					};
					49F422311DFF35F400932D7D = {
						CreatedOnToolsVersion = 8.1;
						ProvisioningStyle = Automatic;
						TestTargetID = 49F4220A1DFF35F400932D7D;
					};
				};
			};
			buildConfigurationList = 49F422061DFF35F400932D7D /* Build configuration list for PBXProject "AlphaTouch" */;
			compatibilityVersion = "Xcode 3.2";
			developmentRegion = English;
			hasScannedForEncodings = 0;
			knownRegions = (
				en,
				Base,
			);
			mainGroup = 49F422021DFF35F400932D7D;
			productRefGroup = 49F4220C1DFF35F400932D7D /* Products */;
			projectDirPath = "";
			projectRoot = "";
			targets = (
				49F4220A1DFF35F400932D7D /* AlphaTouch */,
				49F422261DFF35F400932D7D /* AlphaTouchTests */,
				49F422311DFF35F400932D7D /* AlphaTouchUITests */,
			);
		};
/* End PBXProject section */

/* Begin PBXResourcesBuildPhase section */
		49F422091DFF35F400932D7D /* Resources */ = {
			isa = PBXResourcesBuildPhase;
			buildActionMask = 2147483647;
			files = (
				49F422211DFF35F400932D7D /* LaunchScreen.storyboard in Resources */,
				49F4221E1DFF35F400932D7D /* Assets.xcassets in Resources */,
				499C9C561DFFC9DB000BEBD0 /* FeedViewController.xib in Resources */,
				499C9C601DFFE8FE000BEBD0 /* cuteCatAnimated.gif in Resources */,
				49F422191DFF35F400932D7D /* Main.storyboard in Resources */,
			);
			runOnlyForDeploymentPostprocessing = 0;
		};
		49F422251DFF35F400932D7D /* Resources */ = {
			isa = PBXResourcesBuildPhase;
			buildActionMask = 2147483647;
			files = (
			);
			runOnlyForDeploymentPostprocessing = 0;
		};
		49F422301DFF35F400932D7D /* Resources */ = {
			isa = PBXResourcesBuildPhase;
			buildActionMask = 2147483647;
			files = (
			);
			runOnlyForDeploymentPostprocessing = 0;
		};
/* End PBXResourcesBuildPhase section */

/* Begin PBXShellScriptBuildPhase section */
		7029DAFD5649F4A13DF038BA /* [CP] Check Pods Manifest.lock */ = {
			isa = PBXShellScriptBuildPhase;
			buildActionMask = 2147483647;
			files = (
			);
			inputPaths = (
			);
			name = "[CP] Check Pods Manifest.lock";
			outputPaths = (
			);
			runOnlyForDeploymentPostprocessing = 0;
			shellPath = /bin/sh;
			shellScript = "diff \"${PODS_ROOT}/../Podfile.lock\" \"${PODS_ROOT}/Manifest.lock\" > /dev/null\nif [ $? != 0 ] ; then\n    # print error to STDERR\n    echo \"error: The sandbox is not in sync with the Podfile.lock. Run 'pod install' or update your CocoaPods installation.\" >&2\n    exit 1\nfi\n";
			showEnvVarsInLog = 0;
		};
		77581FA4F45EBBB570952AF0 /* [CP] Embed Pods Frameworks */ = {
			isa = PBXShellScriptBuildPhase;
			buildActionMask = 2147483647;
			files = (
			);
			inputPaths = (
			);
			name = "[CP] Embed Pods Frameworks";
			outputPaths = (
			);
			runOnlyForDeploymentPostprocessing = 0;
			shellPath = /bin/sh;
			shellScript = "\"${SRCROOT}/Pods/Target Support Files/Pods-AlphaTouch/Pods-AlphaTouch-frameworks.sh\"\n";
			showEnvVarsInLog = 0;
		};
		7EE322F141B03DFA4E04B164 /* [CP] Copy Pods Resources */ = {
			isa = PBXShellScriptBuildPhase;
			buildActionMask = 2147483647;
			files = (
			);
			inputPaths = (
			);
			name = "[CP] Copy Pods Resources";
			outputPaths = (
			);
			runOnlyForDeploymentPostprocessing = 0;
			shellPath = /bin/sh;
			shellScript = "\"${SRCROOT}/Pods/Target Support Files/Pods-AlphaTouch/Pods-AlphaTouch-resources.sh\"\n";
			showEnvVarsInLog = 0;
		};
/* End PBXShellScriptBuildPhase section */

/* Begin PBXSourcesBuildPhase section */
		49F422071DFF35F400932D7D /* Sources */ = {
			isa = PBXSourcesBuildPhase;
			buildActionMask = 2147483647;
			files = (
				49F4221C1DFF35F400932D7D /* AlphaTouch.xcdatamodeld in Sources */,
				499C9C551DFFC9DB000BEBD0 /* FeedViewController.m in Sources */,
				49F422161DFF35F400932D7D /* ViewController.m in Sources */,
				49F422131DFF35F400932D7D /* AppDelegate.m in Sources */,
				499C9C5C1DFFCE66000BEBD0 /* ProfileViewController.m in Sources */,
				499C9C591DFFCA1D000BEBD0 /* FavouritesViewController.m in Sources */,
				499C9C661DFFFCFA000BEBD0 /* PhotoViewController.m in Sources */,
				49F422101DFF35F400932D7D /* main.m in Sources */,
				499C9C631DFFF2C8000BEBD0 /* FeedTableViewController.m in Sources */,
			);
			runOnlyForDeploymentPostprocessing = 0;
		};
		49F422231DFF35F400932D7D /* Sources */ = {
			isa = PBXSourcesBuildPhase;
			buildActionMask = 2147483647;
			files = (
				49F4222C1DFF35F400932D7D /* AlphaTouchTests.m in Sources */,
			);
			runOnlyForDeploymentPostprocessing = 0;
		};
		49F4222E1DFF35F400932D7D /* Sources */ = {
			isa = PBXSourcesBuildPhase;
			buildActionMask = 2147483647;
			files = (
				49F422371DFF35F400932D7D /* AlphaTouchUITests.m in Sources */,
			);
			runOnlyForDeploymentPostprocessing = 0;
		};
/* End PBXSourcesBuildPhase section */

/* Begin PBXTargetDependency section */
		49F422291DFF35F400932D7D /* PBXTargetDependency */ = {
			isa = PBXTargetDependency;
			target = 49F4220A1DFF35F400932D7D /* AlphaTouch */;
			targetProxy = 49F422281DFF35F400932D7D /* PBXContainerItemProxy */;
		};
		49F422341DFF35F400932D7D /* PBXTargetDependency */ = {
			isa = PBXTargetDependency;
			target = 49F4220A1DFF35F400932D7D /* AlphaTouch */;
			targetProxy = 49F422331DFF35F400932D7D /* PBXContainerItemProxy */;
		};
/* End PBXTargetDependency section */

/* Begin PBXVariantGroup section */
		49F422171DFF35F400932D7D /* Main.storyboard */ = {
			isa = PBXVariantGroup;
			children = (
				49F422181DFF35F400932D7D /* Base */,
			);
			name = Main.storyboard;
			sourceTree = "<group>";
		};
		49F4221F1DFF35F400932D7D /* LaunchScreen.storyboard */ = {
			isa = PBXVariantGroup;
			children = (
				49F422201DFF35F400932D7D /* Base */,
			);
			name = LaunchScreen.storyboard;
			sourceTree = "<group>";
		};
/* End PBXVariantGroup section */

/* Begin XCBuildConfiguration section */
		49F422391DFF35F400932D7D /* Debug */ = {
			isa = XCBuildConfiguration;
			buildSettings = {
				ALWAYS_SEARCH_USER_PATHS = NO;
				CLANG_ANALYZER_NONNULL = YES;
				CLANG_CXX_LANGUAGE_STANDARD = "gnu++0x";
				CLANG_CXX_LIBRARY = "libc++";
				CLANG_ENABLE_MODULES = YES;
				CLANG_ENABLE_OBJC_ARC = YES;
				CLANG_WARN_BOOL_CONVERSION = YES;
				CLANG_WARN_CONSTANT_CONVERSION = YES;
				CLANG_WARN_DIRECT_OBJC_ISA_USAGE = YES_ERROR;
				CLANG_WARN_DOCUMENTATION_COMMENTS = YES;
				CLANG_WARN_EMPTY_BODY = YES;
				CLANG_WARN_ENUM_CONVERSION = YES;
				CLANG_WARN_INFINITE_RECURSION = YES;
				CLANG_WARN_INT_CONVERSION = YES;
				CLANG_WARN_OBJC_ROOT_CLASS = YES_ERROR;
				CLANG_WARN_SUSPICIOUS_MOVES = YES;
				CLANG_WARN_UNREACHABLE_CODE = YES;
				CLANG_WARN__DUPLICATE_METHOD_MATCH = YES;
				"CODE_SIGN_IDENTITY[sdk=iphoneos*]" = "iPhone Developer";
				COPY_PHASE_STRIP = NO;
				DEBUG_INFORMATION_FORMAT = dwarf;
				ENABLE_STRICT_OBJC_MSGSEND = YES;
				ENABLE_TESTABILITY = YES;
				GCC_C_LANGUAGE_STANDARD = gnu99;
				GCC_DYNAMIC_NO_PIC = NO;
				GCC_NO_COMMON_BLOCKS = YES;
				GCC_OPTIMIZATION_LEVEL = 0;
				GCC_PREPROCESSOR_DEFINITIONS = (
					"DEBUG=1",
					"$(inherited)",
				);
				GCC_WARN_64_TO_32_BIT_CONVERSION = YES;
				GCC_WARN_ABOUT_RETURN_TYPE = YES_ERROR;
				GCC_WARN_UNDECLARED_SELECTOR = YES;
				GCC_WARN_UNINITIALIZED_AUTOS = YES_AGGRESSIVE;
				GCC_WARN_UNUSED_FUNCTION = YES;
				GCC_WARN_UNUSED_VARIABLE = YES;
				IPHONEOS_DEPLOYMENT_TARGET = 10.1;
				MTL_ENABLE_DEBUG_INFO = YES;
				ONLY_ACTIVE_ARCH = YES;
				SDKROOT = iphoneos;
				TARGETED_DEVICE_FAMILY = "1,2";
			};
			name = Debug;
		};
		49F4223A1DFF35F400932D7D /* Release */ = {
			isa = XCBuildConfiguration;
			buildSettings = {
				ALWAYS_SEARCH_USER_PATHS = NO;
				CLANG_ANALYZER_NONNULL = YES;
				CLANG_CXX_LANGUAGE_STANDARD = "gnu++0x";
				CLANG_CXX_LIBRARY = "libc++";
				CLANG_ENABLE_MODULES = YES;
				CLANG_ENABLE_OBJC_ARC = YES;
				CLANG_WARN_BOOL_CONVERSION = YES;
				CLANG_WARN_CONSTANT_CONVERSION = YES;
				CLANG_WARN_DIRECT_OBJC_ISA_USAGE = YES_ERROR;
				CLANG_WARN_DOCUMENTATION_COMMENTS = YES;
				CLANG_WARN_EMPTY_BODY = YES;
				CLANG_WARN_ENUM_CONVERSION = YES;
				CLANG_WARN_INFINITE_RECURSION = YES;
				CLANG_WARN_INT_CONVERSION = YES;
				CLANG_WARN_OBJC_ROOT_CLASS = YES_ERROR;
				CLANG_WARN_SUSPICIOUS_MOVES = YES;
				CLANG_WARN_UNREACHABLE_CODE = YES;
				CLANG_WARN__DUPLICATE_METHOD_MATCH = YES;
				"CODE_SIGN_IDENTITY[sdk=iphoneos*]" = "iPhone Developer";
				COPY_PHASE_STRIP = NO;
				DEBUG_INFORMATION_FORMAT = "dwarf-with-dsym";
				ENABLE_NS_ASSERTIONS = NO;
				ENABLE_STRICT_OBJC_MSGSEND = YES;
				GCC_C_LANGUAGE_STANDARD = gnu99;
				GCC_NO_COMMON_BLOCKS = YES;
				GCC_WARN_64_TO_32_BIT_CONVERSION = YES;
				GCC_WARN_ABOUT_RETURN_TYPE = YES_ERROR;
				GCC_WARN_UNDECLARED_SELECTOR = YES;
				GCC_WARN_UNINITIALIZED_AUTOS = YES_AGGRESSIVE;
				GCC_WARN_UNUSED_FUNCTION = YES;
				GCC_WARN_UNUSED_VARIABLE = YES;
				IPHONEOS_DEPLOYMENT_TARGET = 10.1;
				MTL_ENABLE_DEBUG_INFO = NO;
				SDKROOT = iphoneos;
				TARGETED_DEVICE_FAMILY = "1,2";
				VALIDATE_PRODUCT = YES;
			};
			name = Release;
		};
		49F4223C1DFF35F400932D7D /* Debug */ = {
			isa = XCBuildConfiguration;
			baseConfigurationReference = 7DD70DBB334D803F0157782B /* Pods-AlphaTouch.debug.xcconfig */;
			buildSettings = {
				ASSETCATALOG_COMPILER_APPICON_NAME = AppIcon;
				INFOPLIST_FILE = AlphaTouch/Info.plist;
				LD_RUNPATH_SEARCH_PATHS = "$(inherited) @executable_path/Frameworks";
				PRODUCT_BUNDLE_IDENTIFIER = andrewananta.AlphaTouch;
				PRODUCT_NAME = "$(TARGET_NAME)";
			};
			name = Debug;
		};
		49F4223D1DFF35F400932D7D /* Release */ = {
			isa = XCBuildConfiguration;
			baseConfigurationReference = D1DACB8065AAB8B0284F38BE /* Pods-AlphaTouch.release.xcconfig */;
			buildSettings = {
				ASSETCATALOG_COMPILER_APPICON_NAME = AppIcon;
				INFOPLIST_FILE = AlphaTouch/Info.plist;
				LD_RUNPATH_SEARCH_PATHS = "$(inherited) @executable_path/Frameworks";
				PRODUCT_BUNDLE_IDENTIFIER = andrewananta.AlphaTouch;
				PRODUCT_NAME = "$(TARGET_NAME)";
			};
			name = Release;
		};
		49F4223F1DFF35F400932D7D /* Debug */ = {
			isa = XCBuildConfiguration;
			buildSettings = {
				BUNDLE_LOADER = "$(TEST_HOST)";
				INFOPLIST_FILE = AlphaTouchTests/Info.plist;
				LD_RUNPATH_SEARCH_PATHS = "$(inherited) @executable_path/Frameworks @loader_path/Frameworks";
				PRODUCT_BUNDLE_IDENTIFIER = andrewananta.AlphaTouchTests;
				PRODUCT_NAME = "$(TARGET_NAME)";
				TEST_HOST = "$(BUILT_PRODUCTS_DIR)/AlphaTouch.app/AlphaTouch";
			};
			name = Debug;
		};
		49F422401DFF35F400932D7D /* Release */ = {
			isa = XCBuildConfiguration;
			buildSettings = {
				BUNDLE_LOADER = "$(TEST_HOST)";
				INFOPLIST_FILE = AlphaTouchTests/Info.plist;
				LD_RUNPATH_SEARCH_PATHS = "$(inherited) @executable_path/Frameworks @loader_path/Frameworks";
				PRODUCT_BUNDLE_IDENTIFIER = andrewananta.AlphaTouchTests;
				PRODUCT_NAME = "$(TARGET_NAME)";
				TEST_HOST = "$(BUILT_PRODUCTS_DIR)/AlphaTouch.app/AlphaTouch";
			};
			name = Release;
		};
		49F422421DFF35F400932D7D /* Debug */ = {
			isa = XCBuildConfiguration;
			buildSettings = {
				INFOPLIST_FILE = AlphaTouchUITests/Info.plist;
				LD_RUNPATH_SEARCH_PATHS = "$(inherited) @executable_path/Frameworks @loader_path/Frameworks";
				PRODUCT_BUNDLE_IDENTIFIER = andrewananta.AlphaTouchUITests;
				PRODUCT_NAME = "$(TARGET_NAME)";
				TEST_TARGET_NAME = AlphaTouch;
			};
			name = Debug;
		};
		49F422431DFF35F400932D7D /* Release */ = {
			isa = XCBuildConfiguration;
			buildSettings = {
				INFOPLIST_FILE = AlphaTouchUITests/Info.plist;
				LD_RUNPATH_SEARCH_PATHS = "$(inherited) @executable_path/Frameworks @loader_path/Frameworks";
				PRODUCT_BUNDLE_IDENTIFIER = andrewananta.AlphaTouchUITests;
				PRODUCT_NAME = "$(TARGET_NAME)";
				TEST_TARGET_NAME = AlphaTouch;
			};
			name = Release;
		};
/* End XCBuildConfiguration section */

/* Begin XCConfigurationList section */
		49F422061DFF35F400932D7D /* Build configuration list for PBXProject "AlphaTouch" */ = {
			isa = XCConfigurationList;
			buildConfigurations = (
				49F422391DFF35F400932D7D /* Debug */,
				49F4223A1DFF35F400932D7D /* Release */,
			);
			defaultConfigurationIsVisible = 0;
			defaultConfigurationName = Release;
		};
		49F4223B1DFF35F400932D7D /* Build configuration list for PBXNativeTarget "AlphaTouch" */ = {
			isa = XCConfigurationList;
			buildConfigurations = (
				49F4223C1DFF35F400932D7D /* Debug */,
				49F4223D1DFF35F400932D7D /* Release */,
			);
			defaultConfigurationIsVisible = 0;
			defaultConfigurationName = Release;
		};
		49F4223E1DFF35F400932D7D /* Build configuration list for PBXNativeTarget "AlphaTouchTests" */ = {
			isa = XCConfigurationList;
			buildConfigurations = (
				49F4223F1DFF35F400932D7D /* Debug */,
				49F422401DFF35F400932D7D /* Release */,
			);
			defaultConfigurationIsVisible = 0;
			defaultConfigurationName = Release;
		};
		49F422411DFF35F400932D7D /* Build configuration list for PBXNativeTarget "AlphaTouchUITests" */ = {
			isa = XCConfigurationList;
			buildConfigurations = (
				49F422421DFF35F400932D7D /* Debug */,
				49F422431DFF35F400932D7D /* Release */,
			);
			defaultConfigurationIsVisible = 0;
			defaultConfigurationName = Release;
		};
/* End XCConfigurationList section */

/* Begin XCVersionGroup section */
		49F4221A1DFF35F400932D7D /* AlphaTouch.xcdatamodeld */ = {
			isa = XCVersionGroup;
			children = (
				49F4221B1DFF35F400932D7D /* AlphaTouch.xcdatamodel */,
			);
			currentVersion = 49F4221B1DFF35F400932D7D /* AlphaTouch.xcdatamodel */;
			path = AlphaTouch.xcdatamodeld;
			sourceTree = "<group>";
			versionGroupType = wrapper.xcdatamodel;
		};
/* End XCVersionGroup section */
	};
	rootObject = 49F422031DFF35F400932D7D /* Project object */;
}
